
Microsoft Visual Studio Solution File, Format Version 12.00
# Visual Studio Version 17
VisualStudioVersion = 17.4.33122.133
MinimumVisualStudioVersion = 10.0.40219.1
Project("{9A19103F-16F7-4668-BE54-9A1E7A4F7556}") = "Password generator", "Password generator.csproj", "{A2E47CD6-8522-4E33-AF89-8388DCD04E4E}"
EndProject
Global
	GlobalSection(SolutionConfigurationPlatforms) = preSolution
		Debug|Any CPU = Debug|Any CPU
		Release|Any CPU = Release|Any CPU
	EndGlobalSection
	GlobalSection(ProjectConfigurationPlatforms) = postSolution
		{A2E47CD6-8522-4E33-AF89-8388DCD04E4E}.Debug|Any CPU.ActiveCfg = Debug|Any CPU
		{A2E47CD6-8522-4E33-AF89-8388DCD04E4E}.Debug|Any CPU.Build.0 = Debug|Any CPU
		{A2E47CD6-8522-4E33-AF89-8388DCD04E4E}.Release|Any CPU.ActiveCfg = Release|Any CPU
		{A2E47CD6-8522-4E33-AF89-8388DCD04E4E}.Release|Any CPU.Build.0 = Release|Any CPU
	EndGlobalSection
	GlobalSection(SolutionProperties) = preSolution
		HideSolutionNode = FALSE
	EndGlobalSection
	GlobalSection(ExtensibilityGlobals) = postSolution
		SolutionGuid = {B8918399-D9F7-4EEE-B204-A78832A090AC}
	EndGlobalSection
EndGlobal
